Microsoft Visual Studio Solution File, Format Version 12.00
# Visual Studio Version 17
VisualStudioVersion = 17.5.2.0
MinimumVisualStudioVersion = 10.0.40219.1
Project("{FAE04EC0-301F-11D3-BF4B-00C04F79EFBC}") = "BadBuilder", "BadBuilder.csproj", "{7F5ABAE3-7695-CBAC-99AA-67F395914E74}"
EndProject
Global
	GlobalSection(SolutionConfigurationPlatforms) = preSolution
		Debug|Any CPU = Debug|Any CPU
		Release|Any CPU = Release|Any CPU
	EndGlobalSection
	GlobalSection(ProjectConfigurationPlatforms) = postSolution
		{7F5ABAE3-7695-CBAC-99AA-67F395914E74}.Debug|Any CPU.ActiveCfg = Debug|Any CPU
		{7F5ABAE3-7695-CBAC-99AA-67F395914E74}.Debug|Any CPU.Build.0 = Debug|Any CPU
		{7F5ABAE3-7695-CBAC-99AA-67F395914E74}.Release|Any CPU.ActiveCfg = Release|Any CPU
		{7F5ABAE3-7695-CBAC-99AA-67F395914E74}.Release|Any CPU.Build.0 = Release|Any CPU
	EndGlobalSection
	GlobalSection(SolutionProperties) = preSolution
		HideSolutionNode = FALSE
	EndGlobalSection
	GlobalSection(ExtensibilityGlobals) = postSolution
		SolutionGuid = {262F9D09-5BF9-4841-A008-0F212104F6B0}
	EndGlobalSection
EndGlobal
